// !$*UTF8*$!
{
	archiveVersion = 1;
	classes = {
	};
	objectVersion = 50;
	objects = {

/* Begin PBXBuildFile section */
		08CB400C63022F3FCEB8F24C /* Pods_AppParkingTests.framework in Frameworks */ = {isa = PBXBuildFile; fileRef = 300EEF24D9CA43A4D04F5DB3 /* Pods_AppParkingTests.framework */; };
		3F123096727C718DD7C578F5 /* Pods_AppParking.framework in Frameworks */ = {isa = PBXBuildFile; fileRef = 0ADCF10F0601AE5843522BF6 /* Pods_AppParking.framework */; };
		681D5E232208D0A700EF3DB9 /* IRepositoryVehicle.swift in Sources */ = {isa = PBXBuildFile; fileRef = 681D5E222208D0A700EF3DB9 /* IRepositoryVehicle.swift */; };
		681D5E252208D4E800EF3DB9 /* IRepositoryTypeVehicles.swift in Sources */ = {isa = PBXBuildFile; fileRef = 681D5E242208D4E800EF3DB9 /* IRepositoryTypeVehicles.swift */; };
		681D5E292208D8F500EF3DB9 /* VehicleDataBase.swift in Sources */ = {isa = PBXBuildFile; fileRef = 681D5E282208D8F500EF3DB9 /* VehicleDataBase.swift */; };
		681D5E2B2208D96400EF3DB9 /* TypeVehicleDataBase.swift in Sources */ = {isa = PBXBuildFile; fileRef = 681D5E2A2208D96400EF3DB9 /* TypeVehicleDataBase.swift */; };
		681D5E2F220A20DC00EF3DB9 /* VehicleMock.swift in Sources */ = {isa = PBXBuildFile; fileRef = 681D5E2E220A20DC00EF3DB9 /* VehicleMock.swift */; };
		681D5E31220A210A00EF3DB9 /* TypeVehicleMock.swift in Sources */ = {isa = PBXBuildFile; fileRef = 681D5E30220A210A00EF3DB9 /* TypeVehicleMock.swift */; };
		681D5E34220A263F00EF3DB9 /* DependenciesManager.swift in Sources */ = {isa = PBXBuildFile; fileRef = 681D5E33220A263F00EF3DB9 /* DependenciesManager.swift */; };
		683FB35721E588490041E6F8 /* UITest.swift in Sources */ = {isa = PBXBuildFile; fileRef = 683FB35621E588490041E6F8 /* UITest.swift */; };
		683FB35E21E5929D0041E6F8 /* ConstantsUITest.swift in Sources */ = {isa = PBXBuildFile; fileRef = 683FB35D21E5929D0041E6F8 /* ConstantsUITest.swift */; };
		68BE82F421DE8D6300544D3A /* AppDelegate.swift in Sources */ = {isa = PBXBuildFile; fileRef = 68BE82F321DE8D6300544D3A /* AppDelegate.swift */; };
		68BE82FB21DE8D6400544D3A /* Assets.xcassets in Resources */ = {isa = PBXBuildFile; fileRef = 68BE82FA21DE8D6400544D3A /* Assets.xcassets */; };
		68BE82FE21DE8D6400544D3A /* LaunchScreen.storyboard in Resources */ = {isa = PBXBuildFile; fileRef = 68BE82FC21DE8D6400544D3A /* LaunchScreen.storyboard */; };
		68FB46D621DE90AA00B80EF0 /* ListVehiclesViewController.swift in Sources */ = {isa = PBXBuildFile; fileRef = 68FB46D521DE90AA00B80EF0 /* ListVehiclesViewController.swift */; };
		68FB46D821DE912700B80EF0 /* AddVehicleViewController.swift in Sources */ = {isa = PBXBuildFile; fileRef = 68FB46D721DE912700B80EF0 /* AddVehicleViewController.swift */; };
		68FB46DD21DE95AD00B80EF0 /* Main.storyboard in Resources */ = {isa = PBXBuildFile; fileRef = 68FB46DB21DE95AD00B80EF0 /* Main.storyboard */; };
		68FB46DF21DE967B00B80EF0 /* DeleteVehicleViewController.swift in Sources */ = {isa = PBXBuildFile; fileRef = 68FB46DE21DE967B00B80EF0 /* DeleteVehicleViewController.swift */; };
		68FB46E721DE9F8B00B80EF0 /* VehicleCell.swift in Sources */ = {isa = PBXBuildFile; fileRef = 68FB46E621DE9F8B00B80EF0 /* VehicleCell.swift */; };
		68FB46E921DEA04E00B80EF0 /* BaseViewController.swift in Sources */ = {isa = PBXBuildFile; fileRef = 68FB46E821DEA04E00B80EF0 /* BaseViewController.swift */; };
		68FB46EB21DEA10700B80EF0 /* Constants.swift in Sources */ = {isa = PBXBuildFile; fileRef = 68FB46EA21DEA10700B80EF0 /* Constants.swift */; };
		68FB46ED21DEA39A00B80EF0 /* Vehicle.swift in Sources */ = {isa = PBXBuildFile; fileRef = 68FB46EC21DEA39A00B80EF0 /* Vehicle.swift */; };
		68FB46EF21DEA3CD00B80EF0 /* TypeVehicle.swift in Sources */ = {isa = PBXBuildFile; fileRef = 68FB46EE21DEA3CD00B80EF0 /* TypeVehicle.swift */; };
		68FB46F121DEA9EE00B80EF0 /* ListVehiclesPresenter.swift in Sources */ = {isa = PBXBuildFile; fileRef = 68FB46F021DEA9EE00B80EF0 /* ListVehiclesPresenter.swift */; };
		68FB46F321DEAA0800B80EF0 /* VehicleAPI.swift in Sources */ = {isa = PBXBuildFile; fileRef = 68FB46F221DEAA0800B80EF0 /* VehicleAPI.swift */; };
		68FB46F521DEAA1900B80EF0 /* TypeVehicleAPI.swift in Sources */ = {isa = PBXBuildFile; fileRef = 68FB46F421DEAA1900B80EF0 /* TypeVehicleAPI.swift */; };
		68FB46F721DEAA5400B80EF0 /* IListVehicles.swift in Sources */ = {isa = PBXBuildFile; fileRef = 68FB46F621DEAA5400B80EF0 /* IListVehicles.swift */; };
		68FB46F921DEAB4B00B80EF0 /* ResponseVehicles.swift in Sources */ = {isa = PBXBuildFile; fileRef = 68FB46F821DEAB4B00B80EF0 /* ResponseVehicles.swift */; };
		68FB470321DF17C900B80EF0 /* ResponseObject.swift in Sources */ = {isa = PBXBuildFile; fileRef = 68FB470221DF17C900B80EF0 /* ResponseObject.swift */; };
		68FB470521DF182B00B80EF0 /* ResponseTypeVehicles.swift in Sources */ = {isa = PBXBuildFile; fileRef = 68FB470421DF182B00B80EF0 /* ResponseTypeVehicles.swift */; };
		68FB470721DF907900B80EF0 /* IAddVehicle.swift in Sources */ = {isa = PBXBuildFile; fileRef = 68FB470621DF907900B80EF0 /* IAddVehicle.swift */; };
		68FB470921DF93F600B80EF0 /* AddVehiclePresenter.swift in Sources */ = {isa = PBXBuildFile; fileRef = 68FB470821DF93F600B80EF0 /* AddVehiclePresenter.swift */; };
		68FB470B21DF9A4300B80EF0 /* IDeleteVehicle.swift in Sources */ = {isa = PBXBuildFile; fileRef = 68FB470A21DF9A4300B80EF0 /* IDeleteVehicle.swift */; };
		68FB470D21DF9D2A00B80EF0 /* DeleteVehiclePresenter.swift in Sources */ = {isa = PBXBuildFile; fileRef = 68FB470C21DF9D2A00B80EF0 /* DeleteVehiclePresenter.swift */; };
		80001343691FB1E0D72C56EF /* Pods_AppParkingUITests.framework in Frameworks */ = {isa = PBXBuildFile; fileRef = C764D77F57E4FFDAB5AA8C1E /* Pods_AppParkingUITests.framework */; };
/* End PBXBuildFile section */

/* Begin PBXContainerItemProxy section */
		68BE830521DE8D6400544D3A /* PBXContainerItemProxy */ = {
			isa = PBXContainerItemProxy;
			containerPortal = 68BE82E821DE8D6300544D3A /* Project object */;
			proxyType = 1;
			remoteGlobalIDString = 68BE82EF21DE8D6300544D3A;
			remoteInfo = AppParking;
		};
		68BE831021DE8D6400544D3A /* PBXContainerItemProxy */ = {
			isa = PBXContainerItemProxy;
			containerPortal = 68BE82E821DE8D6300544D3A /* Project object */;
			proxyType = 1;
			remoteGlobalIDString = 68BE82EF21DE8D6300544D3A;
			remoteInfo = AppParking;
		};
/* End PBXContainerItemProxy section */

/* Begin PBXFileReference section */
		0ADCF10F0601AE5843522BF6 /* Pods_AppParking.framework */ = {isa = PBXFileReference; explicitFileType = wrapper.framework; includeInIndex = 0; path = Pods_AppParking.framework; sourceTree = BUILT_PRODUCTS_DIR; };
		300EEF24D9CA43A4D04F5DB3 /* Pods_AppParkingTests.framework */ = {isa = PBXFileReference; explicitFileType = wrapper.framework; includeInIndex = 0; path = Pods_AppParkingTests.framework; sourceTree = BUILT_PRODUCTS_DIR; };
		55D9FA6DEEEA24BEE3812739 /* Pods-AppParkingTests.debug.xcconfig */ = {isa = PBXFileReference; includeInIndex = 1; lastKnownFileType = text.xcconfig; name = "Pods-AppParkingTests.debug.xcconfig"; path = "Pods/Target Support Files/Pods-AppParkingTests/Pods-AppParkingTests.debug.xcconfig"; sourceTree = "<group>"; };
		60C9B7DE48EA1BB8A8633BDF /* Pods-AppParking.debug.xcconfig */ = {isa = PBXFileReference; includeInIndex = 1; lastKnownFileType = text.xcconfig; name = "Pods-AppParking.debug.xcconfig"; path = "Pods/Target Support Files/Pods-AppParking/Pods-AppParking.debug.xcconfig"; sourceTree = "<group>"; };
		6440A768386F0F3FC72A4F87 /* Pods-AppParkingTests.release.xcconfig */ = {isa = PBXFileReference; includeInIndex = 1; lastKnownFileType = text.xcconfig; name = "Pods-AppParkingTests.release.xcconfig"; path = "Pods/Target Support Files/Pods-AppParkingTests/Pods-AppParkingTests.release.xcconfig"; sourceTree = "<group>"; };
		681D5E222208D0A700EF3DB9 /* IRepositoryVehicle.swift */ = {isa = PBXFileReference; lastKnownFileType = sourcecode.swift; path = IRepositoryVehicle.swift; sourceTree = "<group>"; };
		681D5E242208D4E800EF3DB9 /* IRepositoryTypeVehicles.swift */ = {isa = PBXFileReference; lastKnownFileType = sourcecode.swift; path = IRepositoryTypeVehicles.swift; sourceTree = "<group>"; };
		681D5E282208D8F500EF3DB9 /* VehicleDataBase.swift */ = {isa = PBXFileReference; lastKnownFileType = sourcecode.swift; path = VehicleDataBase.swift; sourceTree = "<group>"; };
		681D5E2A2208D96400EF3DB9 /* TypeVehicleDataBase.swift */ = {isa = PBXFileReference; lastKnownFileType = sourcecode.swift; path = TypeVehicleDataBase.swift; sourceTree = "<group>"; };
		681D5E2E220A20DC00EF3DB9 /* VehicleMock.swift */ = {isa = PBXFileReference; lastKnownFileType = sourcecode.swift; path = VehicleMock.swift; sourceTree = "<group>"; };
		681D5E30220A210A00EF3DB9 /* TypeVehicleMock.swift */ = {isa = PBXFileReference; lastKnownFileType = sourcecode.swift; path = TypeVehicleMock.swift; sourceTree = "<group>"; };
		681D5E33220A263F00EF3DB9 /* DependenciesManager.swift */ = {isa = PBXFileReference; lastKnownFileType = sourcecode.swift; path = DependenciesManager.swift; sourceTree = "<group>"; };
		683FB35621E588490041E6F8 /* UITest.swift */ = {isa = PBXFileReference; lastKnownFileType = sourcecode.swift; path = UITest.swift; sourceTree = "<group>"; };
		683FB35D21E5929D0041E6F8 /* ConstantsUITest.swift */ = {isa = PBXFileReference; lastKnownFileType = sourcecode.swift; path = ConstantsUITest.swift; sourceTree = "<group>"; };
		68BE82F021DE8D6300544D3A /* AppParking.app */ = {isa = PBXFileReference; explicitFileType = wrapper.application; includeInIndex = 0; path = AppParking.app; sourceTree = BUILT_PRODUCTS_DIR; };
		68BE82F321DE8D6300544D3A /* AppDelegate.swift */ = {isa = PBXFileReference; lastKnownFileType = sourcecode.swift; path = AppDelegate.swift; sourceTree = "<group>"; };
		68BE82FA21DE8D6400544D3A /* Assets.xcassets */ = {isa = PBXFileReference; lastKnownFileType = folder.assetcatalog; path = Assets.xcassets; sourceTree = "<group>"; };
		68BE82FD21DE8D6400544D3A /* Base */ = {isa = PBXFileReference; lastKnownFileType = file.storyboard; name = Base; path = Base.lproj/LaunchScreen.storyboard; sourceTree = "<group>"; };
		68BE82FF21DE8D6400544D3A /* Info.plist */ = {isa = PBXFileReference; lastKnownFileType = text.plist.xml; path = Info.plist; sourceTree = "<group>"; };
		68BE830421DE8D6400544D3A /* AppParkingTests.xctest */ = {isa = PBXFileReference; explicitFileType = wrapper.cfbundle; includeInIndex = 0; path = AppParkingTests.xctest; sourceTree = BUILT_PRODUCTS_DIR; };
		68BE830F21DE8D6400544D3A /* AppParkingUITests.xctest */ = {isa = PBXFileReference; explicitFileType = wrapper.cfbundle; includeInIndex = 0; path = AppParkingUITests.xctest; sourceTree = BUILT_PRODUCTS_DIR; };
		68BE831521DE8D6400544D3A /* Info.plist */ = {isa = PBXFileReference; lastKnownFileType = text.plist.xml; path = Info.plist; sourceTree = "<group>"; };
		68FB46D521DE90AA00B80EF0 /* ListVehiclesViewController.swift */ = {isa = PBXFileReference; lastKnownFileType = sourcecode.swift; path = ListVehiclesViewController.swift; sourceTree = "<group>"; };
		68FB46D721DE912700B80EF0 /* AddVehicleViewController.swift */ = {isa = PBXFileReference; lastKnownFileType = sourcecode.swift; path = AddVehicleViewController.swift; sourceTree = "<group>"; };
		68FB46DC21DE95AD00B80EF0 /* Base */ = {isa = PBXFileReference; lastKnownFileType = file.storyboard; name = Base; path = Base.lproj/Main.storyboard; sourceTree = "<group>"; };
		68FB46DE21DE967B00B80EF0 /* DeleteVehicleViewController.swift */ = {isa = PBXFileReference; lastKnownFileType = sourcecode.swift; path = DeleteVehicleViewController.swift; sourceTree = "<group>"; };
		68FB46E621DE9F8B00B80EF0 /* VehicleCell.swift */ = {isa = PBXFileReference; lastKnownFileType = sourcecode.swift; path = VehicleCell.swift; sourceTree = "<group>"; };
		68FB46E821DEA04E00B80EF0 /* BaseViewController.swift */ = {isa = PBXFileReference; lastKnownFileType = sourcecode.swift; path = BaseViewController.swift; sourceTree = "<group>"; };
		68FB46EA21DEA10700B80EF0 /* Constants.swift */ = {isa = PBXFileReference; lastKnownFileType = sourcecode.swift; path = Constants.swift; sourceTree = "<group>"; };
		68FB46EC21DEA39A00B80EF0 /* Vehicle.swift */ = {isa = PBXFileReference; lastKnownFileType = sourcecode.swift; path = Vehicle.swift; sourceTree = "<group>"; };
		68FB46EE21DEA3CD00B80EF0 /* TypeVehicle.swift */ = {isa = PBXFileReference; lastKnownFileType = sourcecode.swift; path = TypeVehicle.swift; sourceTree = "<group>"; };
		68FB46F021DEA9EE00B80EF0 /* ListVehiclesPresenter.swift */ = {isa = PBXFileReference; lastKnownFileType = sourcecode.swift; path = ListVehiclesPresenter.swift; sourceTree = "<group>"; };
		68FB46F221DEAA0800B80EF0 /* VehicleAPI.swift */ = {isa = PBXFileReference; lastKnownFileType = sourcecode.swift; path = VehicleAPI.swift; sourceTree = "<group>"; };
		68FB46F421DEAA1900B80EF0 /* TypeVehicleAPI.swift */ = {isa = PBXFileReference; lastKnownFileType = sourcecode.swift; path = TypeVehicleAPI.swift; sourceTree = "<group>"; };
		68FB46F621DEAA5400B80EF0 /* IListVehicles.swift */ = {isa = PBXFileReference; lastKnownFileType = sourcecode.swift; path = IListVehicles.swift; sourceTree = "<group>"; };
		68FB46F821DEAB4B00B80EF0 /* ResponseVehicles.swift */ = {isa = PBXFileReference; lastKnownFileType = sourcecode.swift; path = ResponseVehicles.swift; sourceTree = "<group>"; };
		68FB470221DF17C900B80EF0 /* ResponseObject.swift */ = {isa = PBXFileReference; lastKnownFileType = sourcecode.swift; path = ResponseObject.swift; sourceTree = "<group>"; };
		68FB470421DF182B00B80EF0 /* ResponseTypeVehicles.swift */ = {isa = PBXFileReference; lastKnownFileType = sourcecode.swift; path = ResponseTypeVehicles.swift; sourceTree = "<group>"; };
		68FB470621DF907900B80EF0 /* IAddVehicle.swift */ = {isa = PBXFileReference; lastKnownFileType = sourcecode.swift; path = IAddVehicle.swift; sourceTree = "<group>"; };
		68FB470821DF93F600B80EF0 /* AddVehiclePresenter.swift */ = {isa = PBXFileReference; lastKnownFileType = sourcecode.swift; path = AddVehiclePresenter.swift; sourceTree = "<group>"; };
		68FB470A21DF9A4300B80EF0 /* IDeleteVehicle.swift */ = {isa = PBXFileReference; lastKnownFileType = sourcecode.swift; path = IDeleteVehicle.swift; sourceTree = "<group>"; };
		68FB470C21DF9D2A00B80EF0 /* DeleteVehiclePresenter.swift */ = {isa = PBXFileReference; lastKnownFileType = sourcecode.swift; path = DeleteVehiclePresenter.swift; sourceTree = "<group>"; };
		78006A7FFFC15D6986C525AE /* Pods-AppParkingUITests.release.xcconfig */ = {isa = PBXFileReference; includeInIndex = 1; lastKnownFileType = text.xcconfig; name = "Pods-AppParkingUITests.release.xcconfig"; path = "Pods/Target Support Files/Pods-AppParkingUITests/Pods-AppParkingUITests.release.xcconfig"; sourceTree = "<group>"; };
		C764D77F57E4FFDAB5AA8C1E /* Pods_AppParkingUITests.framework */ = {isa = PBXFileReference; explicitFileType = wrapper.framework; includeInIndex = 0; path = Pods_AppParkingUITests.framework; sourceTree = BUILT_PRODUCTS_DIR; };
		D50A3D40A1FC389AD5213C47 /* Pods-AppParking.release.xcconfig */ = {isa = PBXFileReference; includeInIndex = 1; lastKnownFileType = text.xcconfig; name = "Pods-AppParking.release.xcconfig"; path = "Pods/Target Support Files/Pods-AppParking/Pods-AppParking.release.xcconfig"; sourceTree = "<group>"; };
		E4F3F92BE9FCA8A92953C13F /* Pods-AppParkingUITests.debug.xcconfig */ = {isa = PBXFileReference; includeInIndex = 1; lastKnownFileType = text.xcconfig; name = "Pods-AppParkingUITests.debug.xcconfig"; path = "Pods/Target Support Files/Pods-AppParkingUITests/Pods-AppParkingUITests.debug.xcconfig"; sourceTree = "<group>"; };
/* End PBXFileReference section */

/* Begin PBXFrameworksBuildPhase section */
		68BE82ED21DE8D6300544D3A /* Frameworks */ = {
			isa = PBXFrameworksBuildPhase;
			buildActionMask = 2147483647;
			files = (
				3F123096727C718DD7C578F5 /* Pods_AppParking.framework in Frameworks */,
			);
			runOnlyForDeploymentPostprocessing = 0;
		};
		68BE830121DE8D6400544D3A /* Frameworks */ = {
			isa = PBXFrameworksBuildPhase;
			buildActionMask = 2147483647;
			files = (
				08CB400C63022F3FCEB8F24C /* Pods_AppParkingTests.framework in Frameworks */,
			);
			runOnlyForDeploymentPostprocessing = 0;
		};
		68BE830C21DE8D6400544D3A /* Frameworks */ = {
			isa = PBXFrameworksBuildPhase;
			buildActionMask = 2147483647;
			files = (
				80001343691FB1E0D72C56EF /* Pods_AppParkingUITests.framework in Frameworks */,
			);
			runOnlyForDeploymentPostprocessing = 0;
		};
/* End PBXFrameworksBuildPhase section */

/* Begin PBXGroup section */
		681D5E212208CF5700EF3DB9 /* Repository */ = {
			isa = PBXGroup;
			children = (
				681D5E222208D0A700EF3DB9 /* IRepositoryVehicle.swift */,
				681D5E242208D4E800EF3DB9 /* IRepositoryTypeVehicles.swift */,
				681D5E2C220A1F5400EF3DB9 /* Implementations */,
			);
			path = Repository;
			sourceTree = "<group>";
		};
		681D5E262208D8CE00EF3DB9 /* APIs */ = {
			isa = PBXGroup;
			children = (
				68FB46F221DEAA0800B80EF0 /* VehicleAPI.swift */,
				68FB46F421DEAA1900B80EF0 /* TypeVehicleAPI.swift */,
			);
			path = APIs;
			sourceTree = "<group>";
		};
		681D5E272208D8D500EF3DB9 /* DataBase */ = {
			isa = PBXGroup;
			children = (
				681D5E282208D8F500EF3DB9 /* VehicleDataBase.swift */,
				681D5E2A2208D96400EF3DB9 /* TypeVehicleDataBase.swift */,
			);
			path = DataBase;
			sourceTree = "<group>";
		};
		681D5E2C220A1F5400EF3DB9 /* Implementations */ = {
			isa = PBXGroup;
			children = (
				681D5E262208D8CE00EF3DB9 /* APIs */,
				681D5E272208D8D500EF3DB9 /* DataBase */,
				681D5E2D220A20BE00EF3DB9 /* Mocks */,
			);
			path = Implementations;
			sourceTree = "<group>";
		};
		681D5E2D220A20BE00EF3DB9 /* Mocks */ = {
			isa = PBXGroup;
			children = (
				681D5E2E220A20DC00EF3DB9 /* VehicleMock.swift */,
				681D5E30220A210A00EF3DB9 /* TypeVehicleMock.swift */,
			);
			path = Mocks;
			sourceTree = "<group>";
		};
		681D5E32220A25F800EF3DB9 /* DependencyInjection */ = {
			isa = PBXGroup;
			children = (
				681D5E33220A263F00EF3DB9 /* DependenciesManager.swift */,
			);
			path = DependencyInjection;
			sourceTree = "<group>";
		};
		68BE82E721DE8D6300544D3A = {
			isa = PBXGroup;
			children = (
				68BE82F221DE8D6300544D3A /* AppParking */,
				68BE831221DE8D6400544D3A /* AppParkingUITests */,
				FAC36DB10D969A10419D49D4 /* Pods */,
				6DE69746E911B33CFAD5E96C /* Frameworks */,
			);
			sourceTree = "<group>";
		};
		68BE82F121DE8D6300544D3A /* Products */ = {
			isa = PBXGroup;
			children = (
				68BE82F021DE8D6300544D3A /* AppParking.app */,
				68BE830421DE8D6400544D3A /* AppParkingTests.xctest */,
				68BE830F21DE8D6400544D3A /* AppParkingUITests.xctest */,
			);
			name = Products;
			path = ..;
			sourceTree = "<group>";
		};
		68BE82F221DE8D6300544D3A /* AppParking */ = {
			isa = PBXGroup;
			children = (
				68BE82F321DE8D6300544D3A /* AppDelegate.swift */,
				68BE82FF21DE8D6400544D3A /* Info.plist */,
				68FB46CA21DE8F5000B80EF0 /* Base */,
				68FB46D221DE8FE900B80EF0 /* Models */,
				68FB46CE21DE8F6F00B80EF0 /* Protocols */,
				68FB46CC21DE8F6300B80EF0 /* ViewControllers */,
				68FB46CD21DE8F6A00B80EF0 /* Presenters */,
				681D5E212208CF5700EF3DB9 /* Repository */,
				681D5E32220A25F800EF3DB9 /* DependencyInjection */,
				68FB46D121DE8F9300B80EF0 /* Views */,
				68FB46D021DE8F8000B80EF0 /* Resources */,
			);
			path = AppParking;
			sourceTree = "<group>";
		};
		68BE831221DE8D6400544D3A /* AppParkingUITests */ = {
			isa = PBXGroup;
			children = (
				683FB35621E588490041E6F8 /* UITest.swift */,
				683FB35D21E5929D0041E6F8 /* ConstantsUITest.swift */,
				68BE82F121DE8D6300544D3A /* Products */,
				68BE831521DE8D6400544D3A /* Info.plist */,
			);
			path = AppParkingUITests;
			sourceTree = "<group>";
		};
		68FB46CA21DE8F5000B80EF0 /* Base */ = {
			isa = PBXGroup;
			children = (
				68FB46E821DEA04E00B80EF0 /* BaseViewController.swift */,
				68FB46EA21DEA10700B80EF0 /* Constants.swift */,
			);
			path = Base;
			sourceTree = "<group>";
		};
		68FB46CC21DE8F6300B80EF0 /* ViewControllers */ = {
			isa = PBXGroup;
			children = (
				68FB46E521DE9DFD00B80EF0 /* Controls */,
				68FB46D521DE90AA00B80EF0 /* ListVehiclesViewController.swift */,
				68FB46D721DE912700B80EF0 /* AddVehicleViewController.swift */,
				68FB46DE21DE967B00B80EF0 /* DeleteVehicleViewController.swift */,
			);
			path = ViewControllers;
			sourceTree = "<group>";
		};
		68FB46CD21DE8F6A00B80EF0 /* Presenters */ = {
			isa = PBXGroup;
			children = (
				68FB46F021DEA9EE00B80EF0 /* ListVehiclesPresenter.swift */,
				68FB470821DF93F600B80EF0 /* AddVehiclePresenter.swift */,
				68FB470C21DF9D2A00B80EF0 /* DeleteVehiclePresenter.swift */,
			);
			path = Presenters;
			sourceTree = "<group>";
		};
		68FB46CE21DE8F6F00B80EF0 /* Protocols */ = {
			isa = PBXGroup;
			children = (
				68FB46F621DEAA5400B80EF0 /* IListVehicles.swift */,
				68FB470621DF907900B80EF0 /* IAddVehicle.swift */,
				68FB470A21DF9A4300B80EF0 /* IDeleteVehicle.swift */,
			);
			path = Protocols;
			sourceTree = "<group>";
		};
		68FB46D021DE8F8000B80EF0 /* Resources */ = {
			isa = PBXGroup;
			children = (
				68BE82FA21DE8D6400544D3A /* Assets.xcassets */,
			);
			path = Resources;
			sourceTree = "<group>";
		};
		68FB46D121DE8F9300B80EF0 /* Views */ = {
			isa = PBXGroup;
			children = (
				68FB46DB21DE95AD00B80EF0 /* Main.storyboard */,
				68BE82FC21DE8D6400544D3A /* LaunchScreen.storyboard */,
			);
			path = Views;
			sourceTree = "<group>";
		};
		68FB46D221DE8FE900B80EF0 /* Models */ = {
			isa = PBXGroup;
			children = (
				68FB46EC21DEA39A00B80EF0 /* Vehicle.swift */,
				68FB46EE21DEA3CD00B80EF0 /* TypeVehicle.swift */,
				68FB46F821DEAB4B00B80EF0 /* ResponseVehicles.swift */,
				68FB470221DF17C900B80EF0 /* ResponseObject.swift */,
				68FB470421DF182B00B80EF0 /* ResponseTypeVehicles.swift */,
			);
			path = Models;
			sourceTree = "<group>";
		};
		68FB46E521DE9DFD00B80EF0 /* Controls */ = {
			isa = PBXGroup;
			children = (
				68FB46E621DE9F8B00B80EF0 /* VehicleCell.swift */,
			);
			path = Controls;
			sourceTree = "<group>";
		};
		6DE69746E911B33CFAD5E96C /* Frameworks */ = {
			isa = PBXGroup;
			children = (
				0ADCF10F0601AE5843522BF6 /* Pods_AppParking.framework */,
				300EEF24D9CA43A4D04F5DB3 /* Pods_AppParkingTests.framework */,
				C764D77F57E4FFDAB5AA8C1E /* Pods_AppParkingUITests.framework */,
			);
			name = Frameworks;
			sourceTree = "<group>";
		};
		FAC36DB10D969A10419D49D4 /* Pods */ = {
			isa = PBXGroup;
			children = (
				60C9B7DE48EA1BB8A8633BDF /* Pods-AppParking.debug.xcconfig */,
				D50A3D40A1FC389AD5213C47 /* Pods-AppParking.release.xcconfig */,
				55D9FA6DEEEA24BEE3812739 /* Pods-AppParkingTests.debug.xcconfig */,
				6440A768386F0F3FC72A4F87 /* Pods-AppParkingTests.release.xcconfig */,
				E4F3F92BE9FCA8A92953C13F /* Pods-AppParkingUITests.debug.xcconfig */,
				78006A7FFFC15D6986C525AE /* Pods-AppParkingUITests.release.xcconfig */,
			);
			name = Pods;
			sourceTree = "<group>";
		};
/* End PBXGroup section */

/* Begin PBXNativeTarget section */
		68BE82EF21DE8D6300544D3A /* AppParking */ = {
			isa = PBXNativeTarget;
			buildConfigurationList = 68BE831821DE8D6400544D3A /* Build configuration list for PBXNativeTarget "AppParking" */;
			buildPhases = (
				6C8CC43EAC54FC55386ACE00 /* [CP] Check Pods Manifest.lock */,
				68BE82EC21DE8D6300544D3A /* Sources */,
				68BE82ED21DE8D6300544D3A /* Frameworks */,
				68BE82EE21DE8D6300544D3A /* Resources */,
				0EF067C8174FC7426B369C03 /* [CP] Embed Pods Frameworks */,
			);
			buildRules = (
			);
			dependencies = (
			);
			name = AppParking;
			productName = AppParking;
			productReference = 68BE82F021DE8D6300544D3A /* AppParking.app */;
			productType = "com.apple.product-type.application";
		};
		68BE830321DE8D6400544D3A /* AppParkingTests */ = {
			isa = PBXNativeTarget;
			buildConfigurationList = 68BE831B21DE8D6400544D3A /* Build configuration list for PBXNativeTarget "AppParkingTests" */;
			buildPhases = (
				73B5613C39C77CE134B072BC /* [CP] Check Pods Manifest.lock */,
				68BE830021DE8D6400544D3A /* Sources */,
				68BE830121DE8D6400544D3A /* Frameworks */,
				68BE830221DE8D6400544D3A /* Resources */,
			);
			buildRules = (
			);
			dependencies = (
				68BE830621DE8D6400544D3A /* PBXTargetDependency */,
			);
			name = AppParkingTests;
			productName = AppParkingTests;
			productReference = 68BE830421DE8D6400544D3A /* AppParkingTests.xctest */;
			productType = "com.apple.product-type.bundle.unit-test";
		};
		68BE830E21DE8D6400544D3A /* AppParkingUITests */ = {
			isa = PBXNativeTarget;
			buildConfigurationList = 68BE831E21DE8D6400544D3A /* Build configuration list for PBXNativeTarget "AppParkingUITests" */;
			buildPhases = (
				2EE66CA354541FF2425ED6A8 /* [CP] Check Pods Manifest.lock */,
				68BE830B21DE8D6400544D3A /* Sources */,
				68BE830C21DE8D6400544D3A /* Frameworks */,
				68BE830D21DE8D6400544D3A /* Resources */,
			);
			buildRules = (
			);
			dependencies = (
				68BE831121DE8D6400544D3A /* PBXTargetDependency */,
			);
			name = AppParkingUITests;
			productName = AppParkingUITests;
			productReference = 68BE830F21DE8D6400544D3A /* AppParkingUITests.xctest */;
			productType = "com.apple.product-type.bundle.ui-testing";
		};
/* End PBXNativeTarget section */

/* Begin PBXProject section */
		68BE82E821DE8D6300544D3A /* Project object */ = {
			isa = PBXProject;
			attributes = {
				LastSwiftUpdateCheck = 1010;
				LastUpgradeCheck = 1010;
				ORGANIZATIONNAME = "Mateo Gutiérrez Díaz - Ceiba Software";
				TargetAttributes = {
					68BE82EF21DE8D6300544D3A = {
						CreatedOnToolsVersion = 10.1;
					};
					68BE830321DE8D6400544D3A = {
						CreatedOnToolsVersion = 10.1;
						TestTargetID = 68BE82EF21DE8D6300544D3A;
					};
					68BE830E21DE8D6400544D3A = {
						CreatedOnToolsVersion = 10.1;
						TestTargetID = 68BE82EF21DE8D6300544D3A;
					};
				};
			};
			buildConfigurationList = 68BE82EB21DE8D6300544D3A /* Build configuration list for PBXProject "AppParking" */;
			compatibilityVersion = "Xcode 9.3";
			developmentRegion = en;
			hasScannedForEncodings = 0;
			knownRegions = (
				en,
				Base,
			);
			mainGroup = 68BE82E721DE8D6300544D3A;
			productRefGroup = 68BE82F121DE8D6300544D3A /* Products */;
			projectDirPath = "";
			projectRoot = "";
			targets = (
				68BE82EF21DE8D6300544D3A /* AppParking */,
				68BE830321DE8D6400544D3A /* AppParkingTests */,
				68BE830E21DE8D6400544D3A /* AppParkingUITests */,
			);
		};
/* End PBXProject section */

/* Begin PBXResourcesBuildPhase section */
		68BE82EE21DE8D6300544D3A /* Resources */ = {
			isa = PBXResourcesBuildPhase;
			buildActionMask = 2147483647;
			files = (
				68FB46DD21DE95AD00B80EF0 /* Main.storyboard in Resources */,
				68BE82FE21DE8D6400544D3A /* LaunchScreen.storyboard in Resources */,
				68BE82FB21DE8D6400544D3A /* Assets.xcassets in Resources */,
			);
			runOnlyForDeploymentPostprocessing = 0;
		};
		68BE830221DE8D6400544D3A /* Resources */ = {
			isa = PBXResourcesBuildPhase;
			buildActionMask = 2147483647;
			files = (
			);
			runOnlyForDeploymentPostprocessing = 0;
		};
		68BE830D21DE8D6400544D3A /* Resources */ = {
			isa = PBXResourcesBuildPhase;
			buildActionMask = 2147483647;
			files = (
			);
			runOnlyForDeploymentPostprocessing = 0;
		};
/* End PBXResourcesBuildPhase section */

/* Begin PBXShellScriptBuildPhase section */
		0EF067C8174FC7426B369C03 /* [CP] Embed Pods Frameworks */ = {
			isa = PBXShellScriptBuildPhase;
			buildActionMask = 2147483647;
			files = (
			);
			inputFileListPaths = (
			);
			inputPaths = (
				"${SRCROOT}/Pods/Target Support Files/Pods-AppParking/Pods-AppParking-frameworks.sh",
				"${BUILT_PRODUCTS_DIR}/Alamofire/Alamofire.framework",
				"${BUILT_PRODUCTS_DIR}/AlamofireObjectMapper/AlamofireObjectMapper.framework",
				"${BUILT_PRODUCTS_DIR}/DropDown/DropDown.framework",
				"${BUILT_PRODUCTS_DIR}/ObjectMapper/ObjectMapper.framework",
				"${BUILT_PRODUCTS_DIR}/Swinject/Swinject.framework",
			);
			name = "[CP] Embed Pods Frameworks";
			outputFileListPaths = (
			);
			outputPaths = (
				"${TARGET_BUILD_DIR}/${FRAMEWORKS_FOLDER_PATH}/Alamofire.framework",
				"${TARGET_BUILD_DIR}/${FRAMEWORKS_FOLDER_PATH}/AlamofireObjectMapper.framework",
				"${TARGET_BUILD_DIR}/${FRAMEWORKS_FOLDER_PATH}/DropDown.framework",
				"${TARGET_BUILD_DIR}/${FRAMEWORKS_FOLDER_PATH}/ObjectMapper.framework",
				"${TARGET_BUILD_DIR}/${FRAMEWORKS_FOLDER_PATH}/Swinject.framework",
			);
			runOnlyForDeploymentPostprocessing = 0;
			shellPath = /bin/sh;
			shellScript = "\"${SRCROOT}/Pods/Target Support Files/Pods-AppParking/Pods-AppParking-frameworks.sh\"\n";
			showEnvVarsInLog = 0;
		};
		2EE66CA354541FF2425ED6A8 /* [CP] Check Pods Manifest.lock */ = {
			isa = PBXShellScriptBuildPhase;
			buildActionMask = 2147483647;
			files = (
			);
			inputFileListPaths = (
			);
			inputPaths = (
				"${PODS_PODFILE_DIR_PATH}/Podfile.lock",
				"${PODS_ROOT}/Manifest.lock",
			);
			name = "[CP] Check Pods Manifest.lock";
			outputFileListPaths = (
			);
			outputPaths = (
				"$(DERIVED_FILE_DIR)/Pods-AppParkingUITests-checkManifestLockResult.txt",
			);
			runOnlyForDeploymentPostprocessing = 0;
			shellPath = /bin/sh;
			shellScript = "diff \"${PODS_PODFILE_DIR_PATH}/Podfile.lock\" \"${PODS_ROOT}/Manifest.lock\" > /dev/null\nif [ $? != 0 ] ; then\n    # print error to STDERR\n    echo \"error: The sandbox is not in sync with the Podfile.lock. Run 'pod install' or update your CocoaPods installation.\" >&2\n    exit 1\nfi\n# This output is used by Xcode 'outputs' to avoid re-running this script phase.\necho \"SUCCESS\" > \"${SCRIPT_OUTPUT_FILE_0}\"\n";
			showEnvVarsInLog = 0;
		};
		6C8CC43EAC54FC55386ACE00 /* [CP] Check Pods Manifest.lock */ = {
			isa = PBXShellScriptBuildPhase;
			buildActionMask = 2147483647;
			files = (
			);
			inputFileListPaths = (
			);
			inputPaths = (
				"${PODS_PODFILE_DIR_PATH}/Podfile.lock",
				"${PODS_ROOT}/Manifest.lock",
			);
			name = "[CP] Check Pods Manifest.lock";
			outputFileListPaths = (
			);
			outputPaths = (
				"$(DERIVED_FILE_DIR)/Pods-AppParking-checkManifestLockResult.txt",
			);
			runOnlyForDeploymentPostprocessing = 0;
			shellPath = /bin/sh;
			shellScript = "diff \"${PODS_PODFILE_DIR_PATH}/Podfile.lock\" \"${PODS_ROOT}/Manifest.lock\" > /dev/null\nif [ $? != 0 ] ; then\n    # print error to STDERR\n    echo \"error: The sandbox is not in sync with the Podfile.lock. Run 'pod install' or update your CocoaPods installation.\" >&2\n    exit 1\nfi\n# This output is used by Xcode 'outputs' to avoid re-running this script phase.\necho \"SUCCESS\" > \"${SCRIPT_OUTPUT_FILE_0}\"\n";
			showEnvVarsInLog = 0;
		};
		73B5613C39C77CE134B072BC /* [CP] Check Pods Manifest.lock */ = {
			isa = PBXShellScriptBuildPhase;
			buildActionMask = 2147483647;
			files = (
			);
			inputFileListPaths = (
			);
			inputPaths = (
				"${PODS_PODFILE_DIR_PATH}/Podfile.lock",
				"${PODS_ROOT}/Manifest.lock",
			);
			name = "[CP] Check Pods Manifest.lock";
			outputFileListPaths = (
			);
			outputPaths = (
				"$(DERIVED_FILE_DIR)/Pods-AppParkingTests-checkManifestLockResult.txt",
			);
			runOnlyForDeploymentPostprocessing = 0;
			shellPath = /bin/sh;
			shellScript = "diff \"${PODS_PODFILE_DIR_PATH}/Podfile.lock\" \"${PODS_ROOT}/Manifest.lock\" > /dev/null\nif [ $? != 0 ] ; then\n    # print error to STDERR\n    echo \"error: The sandbox is not in sync with the Podfile.lock. Run 'pod install' or update your CocoaPods installation.\" >&2\n    exit 1\nfi\n# This output is used by Xcode 'outputs' to avoid re-running this script phase.\necho \"SUCCESS\" > \"${SCRIPT_OUTPUT_FILE_0}\"\n";
			showEnvVarsInLog = 0;
		};
/* End PBXShellScriptBuildPhase section */

/* Begin PBXSourcesBuildPhase section */
		68BE82EC21DE8D6300544D3A /* Sources */ = {
			isa = PBXSourcesBuildPhase;
			buildActionMask = 2147483647;
			files = (
				68FB46ED21DEA39A00B80EF0 /* Vehicle.swift in Sources */,
				68FB470321DF17C900B80EF0 /* ResponseObject.swift in Sources */,
				68FB46E721DE9F8B00B80EF0 /* VehicleCell.swift in Sources */,
				68FB46F721DEAA5400B80EF0 /* IListVehicles.swift in Sources */,
				68FB46F321DEAA0800B80EF0 /* VehicleAPI.swift in Sources */,
				68FB46D821DE912700B80EF0 /* AddVehicleViewController.swift in Sources */,
				681D5E252208D4E800EF3DB9 /* IRepositoryTypeVehicles.swift in Sources */,
				68FB46F521DEAA1900B80EF0 /* TypeVehicleAPI.swift in Sources */,
				68FB470B21DF9A4300B80EF0 /* IDeleteVehicle.swift in Sources */,
				681D5E2F220A20DC00EF3DB9 /* VehicleMock.swift in Sources */,
				68FB46F921DEAB4B00B80EF0 /* ResponseVehicles.swift in Sources */,
				68FB46EF21DEA3CD00B80EF0 /* TypeVehicle.swift in Sources */,
				681D5E2B2208D96400EF3DB9 /* TypeVehicleDataBase.swift in Sources */,
				68FB470521DF182B00B80EF0 /* ResponseTypeVehicles.swift in Sources */,
				681D5E34220A263F00EF3DB9 /* DependenciesManager.swift in Sources */,
				68FB46D621DE90AA00B80EF0 /* ListVehiclesViewController.swift in Sources */,
				68FB46DF21DE967B00B80EF0 /* DeleteVehicleViewController.swift in Sources */,
				681D5E31220A210A00EF3DB9 /* TypeVehicleMock.swift in Sources */,
				681D5E292208D8F500EF3DB9 /* VehicleDataBase.swift in Sources */,
				68FB46EB21DEA10700B80EF0 /* Constants.swift in Sources */,
				68BE82F421DE8D6300544D3A /* AppDelegate.swift in Sources */,
				68FB46E921DEA04E00B80EF0 /* BaseViewController.swift in Sources */,
				68FB470921DF93F600B80EF0 /* AddVehiclePresenter.swift in Sources */,
				68FB46F121DEA9EE00B80EF0 /* ListVehiclesPresenter.swift in Sources */,
				681D5E232208D0A700EF3DB9 /* IRepositoryVehicle.swift in Sources */,
				68FB470D21DF9D2A00B80EF0 /* DeleteVehiclePresenter.swift in Sources */,
				68FB470721DF907900B80EF0 /* IAddVehicle.swift in Sources */,
			);
			runOnlyForDeploymentPostprocessing = 0;
		};
		68BE830021DE8D6400544D3A /* Sources */ = {
			isa = PBXSourcesBuildPhase;
			buildActionMask = 2147483647;
			files = (
			);
			runOnlyForDeploymentPostprocessing = 0;
		};
		68BE830B21DE8D6400544D3A /* Sources */ = {
			isa = PBXSourcesBuildPhase;
			buildActionMask = 2147483647;
			files = (
				683FB35721E588490041E6F8 /* UITest.swift in Sources */,
				683FB35E21E5929D0041E6F8 /* ConstantsUITest.swift in Sources */,
			);
			runOnlyForDeploymentPostprocessing = 0;
		};
/* End PBXSourcesBuildPhase section */

/* Begin PBXTargetDependency section */
		68BE830621DE8D6400544D3A /* PBXTargetDependency */ = {
			isa = PBXTargetDependency;
			target = 68BE82EF21DE8D6300544D3A /* AppParking */;
			targetProxy = 68BE830521DE8D6400544D3A /* PBXContainerItemProxy */;
		};
		68BE831121DE8D6400544D3A /* PBXTargetDependency */ = {
			isa = PBXTargetDependency;
			target = 68BE82EF21DE8D6300544D3A /* AppParking */;
			targetProxy = 68BE831021DE8D6400544D3A /* PBXContainerItemProxy */;
		};
/* End PBXTargetDependency section */

/* Begin PBXVariantGroup section */
		68BE82FC21DE8D6400544D3A /* LaunchScreen.storyboard */ = {
			isa = PBXVariantGroup;
			children = (
				68BE82FD21DE8D6400544D3A /* Base */,
			);
			name = LaunchScreen.storyboard;
			sourceTree = "<group>";
		};
		68FB46DB21DE95AD00B80EF0 /* Main.storyboard */ = {
			isa = PBXVariantGroup;
			children = (
				68FB46DC21DE95AD00B80EF0 /* Base */,
			);
			name = Main.storyboard;
			sourceTree = "<group>";
		};
/* End PBXVariantGroup section */

/* Begin XCBuildConfiguration section */
		68BE831621DE8D6400544D3A /* Debug */ = {
			isa = XCBuildConfiguration;
			buildSettings = {
				ALWAYS_SEARCH_USER_PATHS = NO;
				CLANG_ANALYZER_NONNULL = YES;
				CLANG_ANALYZER_NUMBER_OBJECT_CONVERSION = YES_AGGRESSIVE;
				CLANG_CXX_LANGUAGE_STANDARD = "gnu++14";
				CLANG_CXX_LIBRARY = "libc++";
				CLANG_ENABLE_MODULES = YES;
				CLANG_ENABLE_OBJC_ARC = YES;
				CLANG_ENABLE_OBJC_WEAK = YES;
				CLANG_WARN_BLOCK_CAPTURE_AUTORELEASING = YES;
				CLANG_WARN_BOOL_CONVERSION = YES;
				CLANG_WARN_COMMA = YES;
				CLANG_WARN_CONSTANT_CONVERSION = YES;
				CLANG_WARN_DEPRECATED_OBJC_IMPLEMENTATIONS = YES;
				CLANG_WARN_DIRECT_OBJC_ISA_USAGE = YES_ERROR;
				CLANG_WARN_DOCUMENTATION_COMMENTS = YES;
				CLANG_WARN_EMPTY_BODY = YES;
				CLANG_WARN_ENUM_CONVERSION = YES;
				CLANG_WARN_INFINITE_RECURSION = YES;
				CLANG_WARN_INT_CONVERSION = YES;
				CLANG_WARN_NON_LITERAL_NULL_CONVERSION = YES;
				CLANG_WARN_OBJC_IMPLICIT_RETAIN_SELF = YES;
				CLANG_WARN_OBJC_LITERAL_CONVERSION = YES;
				CLANG_WARN_OBJC_ROOT_CLASS = YES_ERROR;
				CLANG_WARN_RANGE_LOOP_ANALYSIS = YES;
				CLANG_WARN_STRICT_PROTOTYPES = YES;
				CLANG_WARN_SUSPICIOUS_MOVE = YES;
				CLANG_WARN_UNGUARDED_AVAILABILITY = YES_AGGRESSIVE;
				CLANG_WARN_UNREACHABLE_CODE = YES;
				CLANG_WARN__DUPLICATE_METHOD_MATCH = YES;
				CODE_SIGN_IDENTITY = "iPhone Developer";
				COPY_PHASE_STRIP = NO;
				DEBUG_INFORMATION_FORMAT = dwarf;
				ENABLE_STRICT_OBJC_MSGSEND = YES;
				ENABLE_TESTABILITY = YES;
				GCC_C_LANGUAGE_STANDARD = gnu11;
				GCC_DYNAMIC_NO_PIC = NO;
				GCC_NO_COMMON_BLOCKS = YES;
				GCC_OPTIMIZATION_LEVEL = 0;
				GCC_PREPROCESSOR_DEFINITIONS = (
					"DEBUG=1",
					"$(inherited)",
				);
				GCC_WARN_64_TO_32_BIT_CONVERSION = YES;
				GCC_WARN_ABOUT_RETURN_TYPE = YES_ERROR;
				GCC_WARN_UNDECLARED_SELECTOR = YES;
				GCC_WARN_UNINITIALIZED_AUTOS = YES_AGGRESSIVE;
				GCC_WARN_UNUSED_FUNCTION = YES;
				GCC_WARN_UNUSED_VARIABLE = YES;
				IPHONEOS_DEPLOYMENT_TARGET = 12.1;
				MTL_ENABLE_DEBUG_INFO = INCLUDE_SOURCE;
				MTL_FAST_MATH = YES;
				ONLY_ACTIVE_ARCH = YES;
				SDKROOT = iphoneos;
				SWIFT_ACTIVE_COMPILATION_CONDITIONS = DEBUG;
				SWIFT_OPTIMIZATION_LEVEL = "-Onone";
			};
			name = Debug;
		};
		68BE831721DE8D6400544D3A /* Release */ = {
			isa = XCBuildConfiguration;
			buildSettings = {
				ALWAYS_SEARCH_USER_PATHS = NO;
				CLANG_ANALYZER_NONNULL = YES;
				CLANG_ANALYZER_NUMBER_OBJECT_CONVERSION = YES_AGGRESSIVE;
				CLANG_CXX_LANGUAGE_STANDARD = "gnu++14";
				CLANG_CXX_LIBRARY = "libc++";
				CLANG_ENABLE_MODULES = YES;
				CLANG_ENABLE_OBJC_ARC = YES;
				CLANG_ENABLE_OBJC_WEAK = YES;
				CLANG_WARN_BLOCK_CAPTURE_AUTORELEASING = YES;
				CLANG_WARN_BOOL_CONVERSION = YES;
				CLANG_WARN_COMMA = YES;
				CLANG_WARN_CONSTANT_CONVERSION = YES;
				CLANG_WARN_DEPRECATED_OBJC_IMPLEMENTATIONS = YES;
				CLANG_WARN_DIRECT_OBJC_ISA_USAGE = YES_ERROR;
				CLANG_WARN_DOCUMENTATION_COMMENTS = YES;
				CLANG_WARN_EMPTY_BODY = YES;
				CLANG_WARN_ENUM_CONVERSION = YES;
				CLANG_WARN_INFINITE_RECURSION = YES;
				CLANG_WARN_INT_CONVERSION = YES;
				CLANG_WARN_NON_LITERAL_NULL_CONVERSION = YES;
				CLANG_WARN_OBJC_IMPLICIT_RETAIN_SELF = YES;
				CLANG_WARN_OBJC_LITERAL_CONVERSION = YES;
				CLANG_WARN_OBJC_ROOT_CLASS = YES_ERROR;
				CLANG_WARN_RANGE_LOOP_ANALYSIS = YES;
				CLANG_WARN_STRICT_PROTOTYPES = YES;
				CLANG_WARN_SUSPICIOUS_MOVE = YES;
				CLANG_WARN_UNGUARDED_AVAILABILITY = YES_AGGRESSIVE;
				CLANG_WARN_UNREACHABLE_CODE = YES;
				CLANG_WARN__DUPLICATE_METHOD_MATCH = YES;
				CODE_SIGN_IDENTITY = "iPhone Developer";
				COPY_PHASE_STRIP = NO;
				DEBUG_INFORMATION_FORMAT = "dwarf-with-dsym";
				ENABLE_NS_ASSERTIONS = NO;
				ENABLE_STRICT_OBJC_MSGSEND = YES;
				GCC_C_LANGUAGE_STANDARD = gnu11;
				GCC_NO_COMMON_BLOCKS = YES;
				GCC_WARN_64_TO_32_BIT_CONVERSION = YES;
				GCC_WARN_ABOUT_RETURN_TYPE = YES_ERROR;
				GCC_WARN_UNDECLARED_SELECTOR = YES;
				GCC_WARN_UNINITIALIZED_AUTOS = YES_AGGRESSIVE;
				GCC_WARN_UNUSED_FUNCTION = YES;
				GCC_WARN_UNUSED_VARIABLE = YES;
				IPHONEOS_DEPLOYMENT_TARGET = 12.1;
				MTL_ENABLE_DEBUG_INFO = NO;
				MTL_FAST_MATH = YES;
				SDKROOT = iphoneos;
				SWIFT_COMPILATION_MODE = wholemodule;
				SWIFT_OPTIMIZATION_LEVEL = "-O";
				VALIDATE_PRODUCT = YES;
			};
			name = Release;
		};
		68BE831921DE8D6400544D3A /* Debug */ = {
			isa = XCBuildConfiguration;
			baseConfigurationReference = 60C9B7DE48EA1BB8A8633BDF /* Pods-AppParking.debug.xcconfig */;
			buildSettings = {
				ASSETCATALOG_COMPILER_APPICON_NAME = AppIcon;
				CODE_SIGN_IDENTITY = "iPhone Developer";
				CODE_SIGN_STYLE = Manual;
				DEVELOPMENT_TEAM = "";
				INFOPLIST_FILE = AppParking/Info.plist;
				LD_RUNPATH_SEARCH_PATHS = (
					"$(inherited)",
					"@executable_path/Frameworks",
				);
				PRODUCT_BUNDLE_IDENTIFIER = co.com.ceiba.AppParking;
				PRODUCT_NAME = "$(TARGET_NAME)";
				PROVISIONING_PROFILE_SPECIFIER = "";
				SWIFT_VERSION = 4.2;
				TARGETED_DEVICE_FAMILY = "1,2";
			};
			name = Debug;
		};
		68BE831A21DE8D6400544D3A /* Release */ = {
			isa = XCBuildConfiguration;
			baseConfigurationReference = D50A3D40A1FC389AD5213C47 /* Pods-AppParking.release.xcconfig */;
			buildSettings = {
				ASSETCATALOG_COMPILER_APPICON_NAME = AppIcon;
				CODE_SIGN_IDENTITY = "iPhone Developer";
				CODE_SIGN_STYLE = Manual;
				DEVELOPMENT_TEAM = "";
				INFOPLIST_FILE = AppParking/Info.plist;
				LD_RUNPATH_SEARCH_PATHS = (
					"$(inherited)",
					"@executable_path/Frameworks",
				);
				PRODUCT_BUNDLE_IDENTIFIER = co.com.ceiba.AppParking;
				PRODUCT_NAME = "$(TARGET_NAME)";
				PROVISIONING_PROFILE_SPECIFIER = "";
				SWIFT_VERSION = 4.2;
				TARGETED_DEVICE_FAMILY = "1,2";
			};
			name = Release;
		};
		68BE831C21DE8D6400544D3A /* Debug */ = {
			isa = XCBuildConfiguration;
			baseConfigurationReference = 55D9FA6DEEEA24BEE3812739 /* Pods-AppParkingTests.debug.xcconfig */;
			buildSettings = {
				ALWAYS_EMBED_SWIFT_STANDARD_LIBRARIES = YES;
				BUNDLE_LOADER = "$(TEST_HOST)";
				CODE_SIGN_STYLE = Automatic;
				DEVELOPMENT_TEAM = 4B8W8BLSC2;
				INFOPLIST_FILE = AppParkingTests/Info.plist;
				LD_RUNPATH_SEARCH_PATHS = (
					"$(inherited)",
					"@executable_path/Frameworks",
					"@loader_path/Frameworks",
				);
				PRODUCT_BUNDLE_IDENTIFIER = co.com.ceiba.AppParkingTests;
				PRODUCT_NAME = "$(TARGET_NAME)";
				SWIFT_VERSION = 4.2;
				TARGETED_DEVICE_FAMILY = "1,2";
				TEST_HOST = "$(BUILT_PRODUCTS_DIR)/AppParking.app/AppParking";
			};
			name = Debug;
		};
		68BE831D21DE8D6400544D3A /* Release */ = {
			isa = XCBuildConfiguration;
			baseConfigurationReference = 6440A768386F0F3FC72A4F87 /* Pods-AppParkingTests.release.xcconfig */;
			buildSettings = {
				ALWAYS_EMBED_SWIFT_STANDARD_LIBRARIES = YES;
				BUNDLE_LOADER = "$(TEST_HOST)";
				CODE_SIGN_STYLE = Automatic;
				DEVELOPMENT_TEAM = 4B8W8BLSC2;
				INFOPLIST_FILE = AppParkingTests/Info.plist;
				LD_RUNPATH_SEARCH_PATHS = (
					"$(inherited)",
					"@executable_path/Frameworks",
					"@loader_path/Frameworks",
				);
				PRODUCT_BUNDLE_IDENTIFIER = co.com.ceiba.AppParkingTests;
				PRODUCT_NAME = "$(TARGET_NAME)";
				SWIFT_VERSION = 4.2;
				TARGETED_DEVICE_FAMILY = "1,2";
				TEST_HOST = "$(BUILT_PRODUCTS_DIR)/AppParking.app/AppParking";
			};
			name = Release;
		};
		68BE831F21DE8D6400544D3A /* Debug */ = {
			isa = XCBuildConfiguration;
			baseConfigurationReference = E4F3F92BE9FCA8A92953C13F /* Pods-AppParkingUITests.debug.xcconfig */;
			buildSettings = {
				ALWAYS_EMBED_SWIFT_STANDARD_LIBRARIES = YES;
				CODE_SIGN_STYLE = Automatic;
				DEVELOPMENT_TEAM = 4B8W8BLSC2;
				INFOPLIST_FILE = AppParkingUITests/Info.plist;
				LD_RUNPATH_SEARCH_PATHS = (
					"$(inherited)",
					"@executable_path/Frameworks",
					"@loader_path/Frameworks",
				);
				PRODUCT_BUNDLE_IDENTIFIER = co.com.ceiba.AppParkingUITests;
				PRODUCT_NAME = "$(TARGET_NAME)";
				SWIFT_VERSION = 4.2;
				TARGETED_DEVICE_FAMILY = "1,2";
				TEST_TARGET_NAME = AppParking;
			};
			name = Debug;
		};
		68BE832021DE8D6400544D3A /* Release */ = {
			isa = XCBuildConfiguration;
			baseConfigurationReference = 78006A7FFFC15D6986C525AE /* Pods-AppParkingUITests.release.xcconfig */;
			buildSettings = {
				ALWAYS_EMBED_SWIFT_STANDARD_LIBRARIES = YES;
				CODE_SIGN_STYLE = Automatic;
				DEVELOPMENT_TEAM = 4B8W8BLSC2;
				INFOPLIST_FILE = AppParkingUITests/Info.plist;
				LD_RUNPATH_SEARCH_PATHS = (
					"$(inherited)",
					"@executable_path/Frameworks",
					"@loader_path/Frameworks",
				);
				PRODUCT_BUNDLE_IDENTIFIER = co.com.ceiba.AppParkingUITests;
				PRODUCT_NAME = "$(TARGET_NAME)";
				SWIFT_VERSION = 4.2;
				TARGETED_DEVICE_FAMILY = "1,2";
				TEST_TARGET_NAME = AppParking;
			};
			name = Release;
		};
/* End XCBuildConfiguration section */

/* Begin XCConfigurationList section */
		68BE82EB21DE8D6300544D3A /* Build configuration list for PBXProject "AppParking" */ = {
			isa = XCConfigurationList;
			buildConfigurations = (
				68BE831621DE8D6400544D3A /* Debug */,
				68BE831721DE8D6400544D3A /* Release */,
			);
			defaultConfigurationIsVisible = 0;
			defaultConfigurationName = Release;
		};
		68BE831821DE8D6400544D3A /* Build configuration list for PBXNativeTarget "AppParking" */ = {
			isa = XCConfigurationList;
			buildConfigurations = (
				68BE831921DE8D6400544D3A /* Debug */,
				68BE831A21DE8D6400544D3A /* Release */,
			);
			defaultConfigurationIsVisible = 0;
			defaultConfigurationName = Release;
		};
		68BE831B21DE8D6400544D3A /* Build configuration list for PBXNativeTarget "AppParkingTests" */ = {
			isa = XCConfigurationList;
			buildConfigurations = (
				68BE831C21DE8D6400544D3A /* Debug */,
				68BE831D21DE8D6400544D3A /* Release */,
			);
			defaultConfigurationIsVisible = 0;
			defaultConfigurationName = Release;
		};
		68BE831E21DE8D6400544D3A /* Build configuration list for PBXNativeTarget "AppParkingUITests" */ = {
			isa = XCConfigurationList;
			buildConfigurations = (
				68BE831F21DE8D6400544D3A /* Debug */,
				68BE832021DE8D6400544D3A /* Release */,
			);
			defaultConfigurationIsVisible = 0;
			defaultConfigurationName = Release;
		};
/* End XCConfigurationList section */
	};
	rootObject = 68BE82E821DE8D6300544D3A /* Project object */;
}
